<?xml version="1.0" encoding="utf-8"?>
<Project ToolsVersion="4.0" xmlns="http://schemas.microsoft.com/developer/msbuild/2003">
  <ItemGroup>
    <Filter Include="Source Files">
      <UniqueIdentifier>{4FC737F1-C7A5-4376-A066-2A32D752A2FF}</UniqueIdentifier>
      <Extensions>cpp;c;cc;cxx;def;odl;idl;hpj;bat;asm;asmx</Extensions>
    </Filter>
    <Filter Include="Header Files">
      <UniqueIdentifier>{93995380-89BD-4b04-88EB-625FBE52EBFB}</UniqueIdentifier>
      <Extensions>h;hh;hpp;hxx;hm;inl;inc;ipp;xsd</Extensions>
    </Filter>
    <Filter Include="Resource Files">
      <UniqueIdentifier>{67DA6AB6-F800-4c08-8B7A-83BB121AAD01}</UniqueIdentifier>
      <Extensions>rc;ico;cur;bmp;dlg;rc2;rct;bin;rgs;gif;jpg;jpeg;jpe;resx;tiff;tif;png;wav;mfcribbon-ms</Extensions>
    </Filter>
  </ItemGroup>
  <ItemGroup>
    <ClCompile Include="lab8-11-polimorfism.cpp">
      <Filter>Source Files</Filter>
    </ClCompile>
    <ClCompile Include="EconomicResource.cpp">
      <Filter>Source Files</Filter>
    </ClCompile>
    <ClCompile Include="Utilities.cpp">
      <Filter>Source Files</Filter>
    </ClCompile>
    <ClCompile Include="FinancialResource.cpp">
      <Filter>Source Files</Filter>
    </ClCompile>
    <ClCompile Include="MaterialResource.cpp">
      <Filter>Source Files</Filter>
    </ClCompile>
    <ClCompile Include="RepoFile.cpp">
      <Filter>Source Files</Filter>
    </ClCompile>
    <ClCompile Include="TXTRepo.cpp">
      <Filter>Source Files</Filter>
    </ClCompile>
    <ClCompile Include="CSVRepo.cpp">
      <Filter>Source Files</Filter>
    </ClCompile>
    <ClCompile Include="TestRepoFile.cpp">
      <Filter>Source Files</Filter>
    </ClCompile>
    <ClCompile Include="TestEconomicResource.cpp">
      <Filter>Source Files</Filter>
    </ClCompile>
    <ClCompile Include="User.cpp">
      <Filter>Source Files</Filter>
    </ClCompile>
    <ClCompile Include="Service.cpp">
      <Filter>Source Files</Filter>
    </ClCompile>
    <ClCompile Include="TestService.cpp">
      <Filter>Source Files</Filter>
    </ClCompile>
    <ClCompile Include="TestRepoSTL.cpp">
      <Filter>Source Files</Filter>
    </ClCompile>
    <ClCompile Include="ValidatorResource.cpp">
      <Filter>Source Files</Filter>
    </ClCompile>
    <ClCompile Include="ValidatorMaterialResource.cpp">
      <Filter>Source Files</Filter>
    </ClCompile>
    <ClCompile Include="ValidatorFinancialResource.cpp">
      <Filter>Source Files</Filter>
    </ClCompile>
    <ClCompile Include="TestValidatorResource.cpp">
      <Filter>Source Files</Filter>
    </ClCompile>
    <ClCompile Include="UI.cpp">
      <Filter>Source Files</Filter>
    </ClCompile>
  </ItemGroup>
  <ItemGroup>
    <ClInclude Include="RepoFile.h">
      <Filter>Header Files</Filter>
    </ClInclude>
    <ClInclude Include="EconomicResource.h">
      <Filter>Header Files</Filter>
    </ClInclude>
    <ClInclude Include="Utilities.h">
      <Filter>Header Files</Filter>
    </ClInclude>
    <ClInclude Include="FinancialResource.h">
      <Filter>Header Files</Filter>
    </ClInclude>
    <ClInclude Include="MaterialResource.h">
      <Filter>Header Files</Filter>
    </ClInclude>
    <ClInclude Include="TXTRepo.h">
      <Filter>Header Files</Filter>
    </ClInclude>
    <ClInclude Include="CSVRepo.h">
      <Filter>Header Files</Filter>
    </ClInclude>
    <ClInclude Include="TestRepoFile.h">
      <Filter>Header Files</Filter>
    </ClInclude>
    <ClInclude Include="TestEconomicResource.h">
      <Filter>Header Files</Filter>
    </ClInclude>
    <ClInclude Include="User.h">
      <Filter>Header Files</Filter>
    </ClInclude>
    <ClInclude Include="RepoSTL.h">
      <Filter>Header Files</Filter>
    </ClInclude>
    <ClInclude Include="Service.h">
      <Filter>Header Files</Filter>
    </ClInclude>
    <ClInclude Include="TestService.h">
      <Filter>Header Files</Filter>
    </ClInclude>
    <ClInclude Include="TestRepoSTL.h">
      <Filter>Header Files</Filter>
    </ClInclude>
    <ClInclude Include="Validate.h">
      <Filter>Header Files</Filter>
    </ClInclude>
    <ClInclude Include="ValidatorResource.h">
      <Filter>Header Files</Filter>
    </ClInclude>
    <ClInclude Include="ValidatorException.h">
      <Filter>Header Files</Filter>
    </ClInclude>
    <ClInclude Include="ValidatorMaterialResource.h">
      <Filter>Header Files</Filter>
    </ClInclude>
    <ClInclude Include="ValidatorFinancialResource.h">
      <Filter>Header Files</Filter>
    </ClInclude>
    <ClInclude Include="TestValidatorResource.h">
      <Filter>Header Files</Filter>
    </ClInclude>
    <ClInclude Include="ReadFromFileException.h">
      <Filter>Header Files</Filter>
    </ClInclude>
    <ClInclude Include="RepoExc.h">
      <Filter>Header Files</Filter>
    </ClInclude>
    <ClInclude Include="UI.h">
      <Filter>Header Files</Filter>
    </ClInclude>
  </ItemGroup>
  <ItemGroup>
    <Text Include="TestEconomicResourcesIn.txt">
      <Filter>Resource Files</Filter>
    </Text>
    <Text Include="TestEconomicResourcesOut.txt">
      <Filter>Resource Files</Filter>
    </Text>
    <Text Include="Users.txt">
      <Filter>Resource Files</Filter>
    </Text>
    <Text Include="Resources.txt">
      <Filter>Resource Files</Filter>
    </Text>
  </ItemGroup>
  <ItemGroup>
    <None Include="TestEconomicResourcesIn.csv">
      <Filter>Resource Files</Filter>
    </None>
    <None Include="TestEconomicResourcesOut.csv">
      <Filter>Resource Files</Filter>
    </None>
    <None Include="Resources.csv">
      <Filter>Resource Files</Filter>
    </None>
  </ItemGroup>
</Project>